{
  "name": "repl",
  "version": "1.0.0",
  "lockfileVersion": 3,
  "requires": true,
  "packages": {
    "": {
      "name": "repl",
      "version": "1.0.0",
      "license": "ISC",
      "dependencies": {
        "@colors/colors": "^1.6.0",
        "dayjs": "^1.11.10",
        "readline-vim": "^0.3.2"
      }
    },
    "node_modules/@colors/colors": {
      "version": "1.6.0",
      "resolved": "https://registry.npmjs.org/@colors/colors/-/colors-1.6.0.tgz",
      "integrity": "sha512-Ir+AOibqzrIsL6ajt3Rz3LskB7OiMVHqltZmspbW/TJuTVuyOMirVqAkjfY6JISiLHgyNqicAC8AyHHGzNd/dA==",
      "engines": {
        "node": ">=0.1.90"
      }
    },
    "node_modules/dayjs": {
      "version": "1.11.10",
      "resolved": "https://registry.npmjs.org/dayjs/-/dayjs-1.11.10.tgz",
      "integrity": "sha512-vjAczensTgRcqDERK0SR2XMwsF/tSvnvlv6VcF2GIhg6Sx4yOIt/irsr1RDJsKiIyBzJDpCoXiWWq28MqH2cnQ=="
    },
    "node_modules/parse-key": {
      "version": "0.2.1",
      "resolved": "https://registry.npmjs.org/parse-key/-/parse-key-0.2.1.tgz",
      "integrity": "sha512-ENta7tqTYc2A15JBG2z2b6bNjaqrTnBEgvycQBwnO6Tmfvk3Dix9IhIpuqI4VdvySd4iDoxeWLUjwDODrQ3S7w=="
    },
    "node_modules/readline-vim": {
      "version": "0.3.2",
      "resolved": "https://registry.npmjs.org/readline-vim/-/readline-vim-0.3.2.tgz",
      "integrity": "sha512-W6biFzE8OyT3dARR1AJT0xmCRAcOcZA/NVd9OTavYSin50sDWzz5uGl9MdtSj6R1WOp84XCtf446jMaUxZvbiA==",
      "dependencies": {
        "parse-key": "~0.2.0",
        "stringify-key": "~0.1.2"
      }
    },
    "node_modules/stringify-key": {
      "version": "0.1.2",
      "resolved": "https://registry.npmjs.org/stringify-key/-/stringify-key-0.1.2.tgz",
      "integrity": "sha512-XlG3G/XVhWWUI5QU7V5BrKU/ZPJfoI2Bbp2hWh9oZxnM27LhZLiczhFLw1i6ywtOs/ygmgBKKLsDaFs2oRbyuw=="
    }
  }
}
